
Microsoft Visual Studio Solution File, Format Version 12.00
# Visual Studio Version 16
VisualStudioVersion = 16.0.30011.22
MinimumVisualStudioVersion = 10.0.40219.1
Project("{F184B08F-C81C-45F6-A57F-5ABD9991F28F}") = "Gestion_Presentacion", "Gestion_Presentacion\Gestion_Presentacion.vbproj", "{BA8753D1-11B6-452C-BF80-6ED3E4B41E83}"
EndProject
Project("{F184B08F-C81C-45F6-A57F-5ABD9991F28F}") = "Paciente_Presentacion", "Paciente_Presentacion\Paciente_Presentacion.vbproj", "{62E202A0-3A87-4795-B5EE-AA19E81E41BF}"
EndProject
Project("{F184B08F-C81C-45F6-A57F-5ABD9991F28F}") = "Datos", "Datos\Datos.vbproj", "{21889B1B-CCC2-4CE6-A8F6-9730B2F574E0}"
EndProject
Project("{F184B08F-C81C-45F6-A57F-5ABD9991F28F}") = "Logica", "Logica\Logica.vbproj", "{9D668D47-2571-413F-9BD3-B6E77B1C9AE4}"
EndProject
Project("{F184B08F-C81C-45F6-A57F-5ABD9991F28F}") = "Dominio", "Dominio\Dominio.vbproj", "{7A51826E-E929-4A0F-947C-1EFA59827EA5}"
EndProject
Project("{F184B08F-C81C-45F6-A57F-5ABD9991F28F}") = "UnitTests", "UnitTests\UnitTests.vbproj", "{D4093B7B-518E-4650-A321-8E955AB6CD73}"
EndProject
Global
	GlobalSection(SolutionConfigurationPlatforms) = preSolution
		Debug|Any CPU = Debug|Any CPU
		Release|Any CPU = Release|Any CPU
	EndGlobalSection
	GlobalSection(ProjectConfigurationPlatforms) = postSolution
		{BA8753D1-11B6-452C-BF80-6ED3E4B41E83}.Debug|Any CPU.ActiveCfg = Debug|Any CPU
		{BA8753D1-11B6-452C-BF80-6ED3E4B41E83}.Debug|Any CPU.Build.0 = Debug|Any CPU
		{BA8753D1-11B6-452C-BF80-6ED3E4B41E83}.Release|Any CPU.ActiveCfg = Release|Any CPU
		{BA8753D1-11B6-452C-BF80-6ED3E4B41E83}.Release|Any CPU.Build.0 = Release|Any CPU
		{62E202A0-3A87-4795-B5EE-AA19E81E41BF}.Debug|Any CPU.ActiveCfg = Debug|Any CPU
		{62E202A0-3A87-4795-B5EE-AA19E81E41BF}.Debug|Any CPU.Build.0 = Debug|Any CPU
		{62E202A0-3A87-4795-B5EE-AA19E81E41BF}.Release|Any CPU.ActiveCfg = Release|Any CPU
		{62E202A0-3A87-4795-B5EE-AA19E81E41BF}.Release|Any CPU.Build.0 = Release|Any CPU
		{21889B1B-CCC2-4CE6-A8F6-9730B2F574E0}.Debug|Any CPU.ActiveCfg = Debug|Any CPU
		{21889B1B-CCC2-4CE6-A8F6-9730B2F574E0}.Debug|Any CPU.Build.0 = Debug|Any CPU
		{21889B1B-CCC2-4CE6-A8F6-9730B2F574E0}.Release|Any CPU.ActiveCfg = Release|Any CPU
		{21889B1B-CCC2-4CE6-A8F6-9730B2F574E0}.Release|Any CPU.Build.0 = Release|Any CPU
		{9D668D47-2571-413F-9BD3-B6E77B1C9AE4}.Debug|Any CPU.ActiveCfg = Debug|Any CPU
		{9D668D47-2571-413F-9BD3-B6E77B1C9AE4}.Debug|Any CPU.Build.0 = Debug|Any CPU
		{9D668D47-2571-413F-9BD3-B6E77B1C9AE4}.Release|Any CPU.ActiveCfg = Release|Any CPU
		{9D668D47-2571-413F-9BD3-B6E77B1C9AE4}.Release|Any CPU.Build.0 = Release|Any CPU
		{7A51826E-E929-4A0F-947C-1EFA59827EA5}.Debug|Any CPU.ActiveCfg = Debug|Any CPU
		{7A51826E-E929-4A0F-947C-1EFA59827EA5}.Debug|Any CPU.Build.0 = Debug|Any CPU
		{7A51826E-E929-4A0F-947C-1EFA59827EA5}.Release|Any CPU.ActiveCfg = Release|Any CPU
		{7A51826E-E929-4A0F-947C-1EFA59827EA5}.Release|Any CPU.Build.0 = Release|Any CPU
		{D4093B7B-518E-4650-A321-8E955AB6CD73}.Debug|Any CPU.ActiveCfg = Debug|Any CPU
		{D4093B7B-518E-4650-A321-8E955AB6CD73}.Debug|Any CPU.Build.0 = Debug|Any CPU
		{D4093B7B-518E-4650-A321-8E955AB6CD73}.Release|Any CPU.ActiveCfg = Release|Any CPU
		{D4093B7B-518E-4650-A321-8E955AB6CD73}.Release|Any CPU.Build.0 = Release|Any CPU
	EndGlobalSection
	GlobalSection(SolutionProperties) = preSolution
		HideSolutionNode = FALSE
	EndGlobalSection
	GlobalSection(ExtensibilityGlobals) = postSolution
		SolutionGuid = {A7E7BEB8-8EF4-471F-82BC-9176E37D627C}
	EndGlobalSection
EndGlobal
